
Microsoft Visual Studio Solution File, Format Version 12.00
# Visual Studio Version 17
VisualStudioVersion = 17.11.35312.102
MinimumVisualStudioVersion = 10.0.40219.1
Project("{FAE04EC0-301F-11D3-BF4B-00C04F79EFBC}") = "tp-web-equipo-9A", "tp-web-equipo-9A\tp-web-equipo-9A.csproj", "{B243DFFA-8458-4BCF-8663-8868CED46908}"
EndProject
Project("{FAE04EC0-301F-11D3-BF4B-00C04F79EFBC}") = "Models", "Models\Models.csproj", "{71655A7F-5B4C-4442-92FF-86FB2F5F9127}"
EndProject
Project("{FAE04EC0-301F-11D3-BF4B-00C04F79EFBC}") = "Services", "Services\Services.csproj", "{379CAE76-60B8-4ED7-9A8F-98D43AF4F43C}"
EndProject
Project("{FAE04EC0-301F-11D3-BF4B-00C04F79EFBC}") = "Utils", "Utils\Utils.csproj", "{F3153E09-22E3-4E35-B795-0B2858FCEF1E}"
EndProject
Global
	GlobalSection(SolutionConfigurationPlatforms) = preSolution
		Debug|Any CPU = Debug|Any CPU
		Release|Any CPU = Release|Any CPU
	EndGlobalSection
	GlobalSection(ProjectConfigurationPlatforms) = postSolution
		{B243DFFA-8458-4BCF-8663-8868CED46908}.Debug|Any CPU.ActiveCfg = Debug|Any CPU
		{B243DFFA-8458-4BCF-8663-8868CED46908}.Debug|Any CPU.Build.0 = Debug|Any CPU
		{B243DFFA-8458-4BCF-8663-8868CED46908}.Release|Any CPU.ActiveCfg = Release|Any CPU
		{B243DFFA-8458-4BCF-8663-8868CED46908}.Release|Any CPU.Build.0 = Release|Any CPU
		{71655A7F-5B4C-4442-92FF-86FB2F5F9127}.Debug|Any CPU.ActiveCfg = Debug|Any CPU
		{71655A7F-5B4C-4442-92FF-86FB2F5F9127}.Debug|Any CPU.Build.0 = Debug|Any CPU
		{71655A7F-5B4C-4442-92FF-86FB2F5F9127}.Release|Any CPU.ActiveCfg = Release|Any CPU
		{71655A7F-5B4C-4442-92FF-86FB2F5F9127}.Release|Any CPU.Build.0 = Release|Any CPU
		{379CAE76-60B8-4ED7-9A8F-98D43AF4F43C}.Debug|Any CPU.ActiveCfg = Debug|Any CPU
		{379CAE76-60B8-4ED7-9A8F-98D43AF4F43C}.Debug|Any CPU.Build.0 = Debug|Any CPU
		{379CAE76-60B8-4ED7-9A8F-98D43AF4F43C}.Release|Any CPU.ActiveCfg = Release|Any CPU
		{379CAE76-60B8-4ED7-9A8F-98D43AF4F43C}.Release|Any CPU.Build.0 = Release|Any CPU
		{F3153E09-22E3-4E35-B795-0B2858FCEF1E}.Debug|Any CPU.ActiveCfg = Debug|Any CPU
		{F3153E09-22E3-4E35-B795-0B2858FCEF1E}.Debug|Any CPU.Build.0 = Debug|Any CPU
		{F3153E09-22E3-4E35-B795-0B2858FCEF1E}.Release|Any CPU.ActiveCfg = Release|Any CPU
		{F3153E09-22E3-4E35-B795-0B2858FCEF1E}.Release|Any CPU.Build.0 = Release|Any CPU
	EndGlobalSection
	GlobalSection(SolutionProperties) = preSolution
		HideSolutionNode = FALSE
	EndGlobalSection
	GlobalSection(ExtensibilityGlobals) = postSolution
		SolutionGuid = {6703D349-5CA4-478F-B46A-B139DD975758}
	EndGlobalSection
EndGlobal
